
Microsoft Visual Studio Solution File, Format Version 12.00
# Visual Studio Version 17
VisualStudioVersion = 17.4.33122.133
MinimumVisualStudioVersion = 10.0.40219.1
Project("{FAE04EC0-301F-11D3-BF4B-00C04F79EFBC}") = "CSharp-MarcosReyeros-Desafio1", "CSharp-MarcosReyeros-Desafio1\CSharp-MarcosReyeros-Desafio1.csproj", "{AD517EF5-88A5-4FC3-B662-1E470E5441E2}"
EndProject
Global
	GlobalSection(SolutionConfigurationPlatforms) = preSolution
		Debug|Any CPU = Debug|Any CPU
		Release|Any CPU = Release|Any CPU
	EndGlobalSection
	GlobalSection(ProjectConfigurationPlatforms) = postSolution
		{AD517EF5-88A5-4FC3-B662-1E470E5441E2}.Debug|Any CPU.ActiveCfg = Debug|Any CPU
		{AD517EF5-88A5-4FC3-B662-1E470E5441E2}.Debug|Any CPU.Build.0 = Debug|Any CPU
		{AD517EF5-88A5-4FC3-B662-1E470E5441E2}.Release|Any CPU.ActiveCfg = Release|Any CPU
		{AD517EF5-88A5-4FC3-B662-1E470E5441E2}.Release|Any CPU.Build.0 = Release|Any CPU
	EndGlobalSection
	GlobalSection(SolutionProperties) = preSolution
		HideSolutionNode = FALSE
	EndGlobalSection
	GlobalSection(ExtensibilityGlobals) = postSolution
		SolutionGuid = {04BFF06D-A2B3-4CB6-A3B4-16EC040EB033}
	EndGlobalSection
EndGlobal
